
Microsoft Visual Studio Solution File, Format Version 12.00
# Visual Studio 15
VisualStudioVersion = 15.0.27004.2005
MinimumVisualStudioVersion = 10.0.40219.1
Project("{00D1A9C2-B5F0-4AF3-8072-F6C62B433612}") = "Northwind", "Northwind\Northwind.sqlproj", "{540BD5EF-FFE5-4A4B-AB22-7F55C168B43E}"
EndProject
Global
	GlobalSection(SolutionConfigurationPlatforms) = preSolution
		Debug|Any CPU = Debug|Any CPU
		Release|Any CPU = Release|Any CPU
	EndGlobalSection
	GlobalSection(ProjectConfigurationPlatforms) = postSolution
		{540BD5EF-FFE5-4A4B-AB22-7F55C168B43E}.Debug|Any CPU.ActiveCfg = Debug|Any CPU
		{540BD5EF-FFE5-4A4B-AB22-7F55C168B43E}.Debug|Any CPU.Build.0 = Debug|Any CPU
		{540BD5EF-FFE5-4A4B-AB22-7F55C168B43E}.Debug|Any CPU.Deploy.0 = Debug|Any CPU
		{540BD5EF-FFE5-4A4B-AB22-7F55C168B43E}.Release|Any CPU.ActiveCfg = Release|Any CPU
		{540BD5EF-FFE5-4A4B-AB22-7F55C168B43E}.Release|Any CPU.Build.0 = Release|Any CPU
		{540BD5EF-FFE5-4A4B-AB22-7F55C168B43E}.Release|Any CPU.Deploy.0 = Release|Any CPU
	EndGlobalSection
	GlobalSection(SolutionProperties) = preSolution
		HideSolutionNode = FALSE
	EndGlobalSection
	GlobalSection(ExtensibilityGlobals) = postSolution
		SolutionGuid = {F2F8905E-B078-4198-997C-06D373C3DEF7}
	EndGlobalSection
EndGlobal
