
Microsoft Visual Studio Solution File, Format Version 12.00
# Visual Studio 15
VisualStudioVersion = 15.0.27004.2005
MinimumVisualStudioVersion = 10.0.40219.1
Project("{00D1A9C2-B5F0-4AF3-8072-F6C62B433612}") = "Module2", "Module2\Module2.sqlproj", "{B18511E4-B34A-4513-B245-0E52814B095B}"
EndProject
Project("{FAE04EC0-301F-11D3-BF4B-00C04F79EFBC}") = "CLRLibrary", "CLRLibrary\CLRLibrary.csproj", "{62998077-6F12-40E2-B98E-C6E325852A34}"
EndProject
Project("{00D1A9C2-B5F0-4AF3-8072-F6C62B433612}") = "Module2.Prerequsites", "Module2.Prerequsites\Module2.Prerequsites.sqlproj", "{FED929D3-CE66-4EBF-97B2-FBB0CD125FF1}"
EndProject
Global
	GlobalSection(SolutionConfigurationPlatforms) = preSolution
		Debug|Any CPU = Debug|Any CPU
		Release|Any CPU = Release|Any CPU
	EndGlobalSection
	GlobalSection(ProjectConfigurationPlatforms) = postSolution
		{B18511E4-B34A-4513-B245-0E52814B095B}.Debug|Any CPU.ActiveCfg = Debug|Any CPU
		{B18511E4-B34A-4513-B245-0E52814B095B}.Debug|Any CPU.Build.0 = Debug|Any CPU
		{B18511E4-B34A-4513-B245-0E52814B095B}.Debug|Any CPU.Deploy.0 = Debug|Any CPU
		{B18511E4-B34A-4513-B245-0E52814B095B}.Release|Any CPU.ActiveCfg = Release|Any CPU
		{B18511E4-B34A-4513-B245-0E52814B095B}.Release|Any CPU.Build.0 = Release|Any CPU
		{B18511E4-B34A-4513-B245-0E52814B095B}.Release|Any CPU.Deploy.0 = Release|Any CPU
		{62998077-6F12-40E2-B98E-C6E325852A34}.Debug|Any CPU.ActiveCfg = Debug|Any CPU
		{62998077-6F12-40E2-B98E-C6E325852A34}.Debug|Any CPU.Build.0 = Debug|Any CPU
		{62998077-6F12-40E2-B98E-C6E325852A34}.Release|Any CPU.ActiveCfg = Release|Any CPU
		{62998077-6F12-40E2-B98E-C6E325852A34}.Release|Any CPU.Build.0 = Release|Any CPU
		{FED929D3-CE66-4EBF-97B2-FBB0CD125FF1}.Debug|Any CPU.ActiveCfg = Debug|Any CPU
		{FED929D3-CE66-4EBF-97B2-FBB0CD125FF1}.Debug|Any CPU.Build.0 = Debug|Any CPU
		{FED929D3-CE66-4EBF-97B2-FBB0CD125FF1}.Debug|Any CPU.Deploy.0 = Debug|Any CPU
		{FED929D3-CE66-4EBF-97B2-FBB0CD125FF1}.Release|Any CPU.ActiveCfg = Release|Any CPU
		{FED929D3-CE66-4EBF-97B2-FBB0CD125FF1}.Release|Any CPU.Build.0 = Release|Any CPU
		{FED929D3-CE66-4EBF-97B2-FBB0CD125FF1}.Release|Any CPU.Deploy.0 = Release|Any CPU
	EndGlobalSection
	GlobalSection(SolutionProperties) = preSolution
		HideSolutionNode = FALSE
	EndGlobalSection
	GlobalSection(ExtensibilityGlobals) = postSolution
		SolutionGuid = {91961420-5515-4C0D-8842-35AB1A827B5F}
	EndGlobalSection
EndGlobal
